
Microsoft Visual Studio Solution File, Format Version 12.00
# Visual Studio Version 17
VisualStudioVersion = 17.0.32014.148
MinimumVisualStudioVersion = 10.0.40219.1
Project("{FAE04EC0-301F-11D3-BF4B-00C04F79EFBC}") = "Arithmetic", "Arithmetic.csproj", "{F9F8E83F-5607-4140-93F8-072AB1BA3013}"
EndProject
Global
	GlobalSection(SolutionConfigurationPlatforms) = preSolution
		Debug|Any CPU = Debug|Any CPU
		Release|Any CPU = Release|Any CPU
	EndGlobalSection
	GlobalSection(ProjectConfigurationPlatforms) = postSolution
		{F9F8E83F-5607-4140-93F8-072AB1BA3013}.Debug|Any CPU.ActiveCfg = Debug|Any CPU
		{F9F8E83F-5607-4140-93F8-072AB1BA3013}.Debug|Any CPU.Build.0 = Debug|Any CPU
		{F9F8E83F-5607-4140-93F8-072AB1BA3013}.Release|Any CPU.ActiveCfg = Release|Any CPU
		{F9F8E83F-5607-4140-93F8-072AB1BA3013}.Release|Any CPU.Build.0 = Release|Any CPU
	EndGlobalSection
	GlobalSection(SolutionProperties) = preSolution
		HideSolutionNode = FALSE
	EndGlobalSection
	GlobalSection(ExtensibilityGlobals) = postSolution
		SolutionGuid = {FE431CD4-EFE4-480F-A7E2-77642A26DE17}
	EndGlobalSection
EndGlobal
